// !$*UTF8*$!
{
	archiveVersion = 1;
	classes = {
	};
	objectVersion = 56;
	objects = {

/* Begin PBXBuildFile section */
		5A69CDF8ACBC8390B01C80A8 /* Pods_ArkanaDemo.framework in Frameworks */ = {isa = PBXBuildFile; fileRef = 3235AC299D8B4D30948C8776 /* Pods_ArkanaDemo.framework */; };
		B161E845299F633000DEA33D /* AppDelegate.swift in Sources */ = {isa = PBXBuildFile; fileRef = B161E844299F633000DEA33D /* AppDelegate.swift */; };
		B161E847299F633000DEA33D /* SceneDelegate.swift in Sources */ = {isa = PBXBuildFile; fileRef = B161E846299F633000DEA33D /* SceneDelegate.swift */; };
		B161E849299F633000DEA33D /* ViewController.swift in Sources */ = {isa = PBXBuildFile; fileRef = B161E848299F633000DEA33D /* ViewController.swift */; };
		B161E84C299F633000DEA33D /* Main.storyboard in Resources */ = {isa = PBXBuildFile; fileRef = B161E84A299F633000DEA33D /* Main.storyboard */; };
		B161E84E299F633100DEA33D /* Assets.xcassets in Resources */ = {isa = PBXBuildFile; fileRef = B161E84D299F633100DEA33D /* Assets.xcassets */; };
		B161E851299F633100DEA33D /* LaunchScreen.storyboard in Resources */ = {isa = PBXBuildFile; fileRef = B161E84F299F633100DEA33D /* LaunchScreen.storyboard */; };
		B161E85C299F633100DEA33D /* ArkanaDemoTests.swift in Sources */ = {isa = PBXBuildFile; fileRef = B161E85B299F633100DEA33D /* ArkanaDemoTests.swift */; };
		B161E866299F633100DEA33D /* ArkanaDemoUITests.swift in Sources */ = {isa = PBXBuildFile; fileRef = B161E865299F633100DEA33D /* ArkanaDemoUITests.swift */; };
		B161E868299F633100DEA33D /* ArkanaDemoUITestsLaunchTests.swift in Sources */ = {isa = PBXBuildFile; fileRef = B161E867299F633100DEA33D /* ArkanaDemoUITestsLaunchTests.swift */; };
		B161E875299F642100DEA33D /* AppSecrets.swift in Sources */ = {isa = PBXBuildFile; fileRef = B161E874299F642100DEA33D /* AppSecrets.swift */; };
/* End PBXBuildFile section */

/* Begin PBXContainerItemProxy section */
		B161E858299F633100DEA33D /* PBXContainerItemProxy */ = {
			isa = PBXContainerItemProxy;
			containerPortal = B161E839299F633000DEA33D /* Project object */;
			proxyType = 1;
			remoteGlobalIDString = B161E840299F633000DEA33D;
			remoteInfo = ArkanaDemo;
		};
		B161E862299F633100DEA33D /* PBXContainerItemProxy */ = {
			isa = PBXContainerItemProxy;
			containerPortal = B161E839299F633000DEA33D /* Project object */;
			proxyType = 1;
			remoteGlobalIDString = B161E840299F633000DEA33D;
			remoteInfo = ArkanaDemo;
		};
/* End PBXContainerItemProxy section */

/* Begin PBXFileReference section */
		3235AC299D8B4D30948C8776 /* Pods_ArkanaDemo.framework */ = {isa = PBXFileReference; explicitFileType = wrapper.framework; includeInIndex = 0; path = Pods_ArkanaDemo.framework; sourceTree = BUILT_PRODUCTS_DIR; };
		560FCF166F65216A9684048B /* Pods-ArkanaDemo.production release.xcconfig */ = {isa = PBXFileReference; includeInIndex = 1; lastKnownFileType = text.xcconfig; name = "Pods-ArkanaDemo.production release.xcconfig"; path = "Target Support Files/Pods-ArkanaDemo/Pods-ArkanaDemo.production release.xcconfig"; sourceTree = "<group>"; };
		6070EC94C9BDC2644A6655F4 /* Pods-ArkanaDemo.development release.xcconfig */ = {isa = PBXFileReference; includeInIndex = 1; lastKnownFileType = text.xcconfig; name = "Pods-ArkanaDemo.development release.xcconfig"; path = "Target Support Files/Pods-ArkanaDemo/Pods-ArkanaDemo.development release.xcconfig"; sourceTree = "<group>"; };
		639DF97253E12F784375C6B7 /* Pods-ArkanaDemo.production debug.xcconfig */ = {isa = PBXFileReference; includeInIndex = 1; lastKnownFileType = text.xcconfig; name = "Pods-ArkanaDemo.production debug.xcconfig"; path = "Target Support Files/Pods-ArkanaDemo/Pods-ArkanaDemo.production debug.xcconfig"; sourceTree = "<group>"; };
		698AF883868FC107E506951A /* Pods-ArkanaDemo.uat release.xcconfig */ = {isa = PBXFileReference; includeInIndex = 1; lastKnownFileType = text.xcconfig; name = "Pods-ArkanaDemo.uat release.xcconfig"; path = "Target Support Files/Pods-ArkanaDemo/Pods-ArkanaDemo.uat release.xcconfig"; sourceTree = "<group>"; };
		98CBC698B65B5637FA551396 /* Pods-ArkanaDemo.uat debug.xcconfig */ = {isa = PBXFileReference; includeInIndex = 1; lastKnownFileType = text.xcconfig; name = "Pods-ArkanaDemo.uat debug.xcconfig"; path = "Target Support Files/Pods-ArkanaDemo/Pods-ArkanaDemo.uat debug.xcconfig"; sourceTree = "<group>"; };
		AA08C7172A344F5C86ACB8AC /* Pods-ArkanaDemo.staging release.xcconfig */ = {isa = PBXFileReference; includeInIndex = 1; lastKnownFileType = text.xcconfig; name = "Pods-ArkanaDemo.staging release.xcconfig"; path = "Target Support Files/Pods-ArkanaDemo/Pods-ArkanaDemo.staging release.xcconfig"; sourceTree = "<group>"; };
		B161E841299F633000DEA33D /* ArkanaDemo.app */ = {isa = PBXFileReference; explicitFileType = wrapper.application; includeInIndex = 0; path = ArkanaDemo.app; sourceTree = BUILT_PRODUCTS_DIR; };
		B161E844299F633000DEA33D /* AppDelegate.swift */ = {isa = PBXFileReference; lastKnownFileType = sourcecode.swift; path = AppDelegate.swift; sourceTree = "<group>"; };
		B161E846299F633000DEA33D /* SceneDelegate.swift */ = {isa = PBXFileReference; lastKnownFileType = sourcecode.swift; path = SceneDelegate.swift; sourceTree = "<group>"; };
		B161E848299F633000DEA33D /* ViewController.swift */ = {isa = PBXFileReference; lastKnownFileType = sourcecode.swift; path = ViewController.swift; sourceTree = "<group>"; };
		B161E84B299F633000DEA33D /* Base */ = {isa = PBXFileReference; lastKnownFileType = file.storyboard; name = Base; path = Base.lproj/Main.storyboard; sourceTree = "<group>"; };
		B161E84D299F633100DEA33D /* Assets.xcassets */ = {isa = PBXFileReference; lastKnownFileType = folder.assetcatalog; path = Assets.xcassets; sourceTree = "<group>"; };
		B161E850299F633100DEA33D /* Base */ = {isa = PBXFileReference; lastKnownFileType = file.storyboard; name = Base; path = Base.lproj/LaunchScreen.storyboard; sourceTree = "<group>"; };
		B161E852299F633100DEA33D /* Info.plist */ = {isa = PBXFileReference; lastKnownFileType = text.plist.xml; path = Info.plist; sourceTree = "<group>"; };
		B161E857299F633100DEA33D /* ArkanaDemoTests.xctest */ = {isa = PBXFileReference; explicitFileType = wrapper.cfbundle; includeInIndex = 0; path = ArkanaDemoTests.xctest; sourceTree = BUILT_PRODUCTS_DIR; };
		B161E85B299F633100DEA33D /* ArkanaDemoTests.swift */ = {isa = PBXFileReference; lastKnownFileType = sourcecode.swift; path = ArkanaDemoTests.swift; sourceTree = "<group>"; };
		B161E861299F633100DEA33D /* ArkanaDemoUITests.xctest */ = {isa = PBXFileReference; explicitFileType = wrapper.cfbundle; includeInIndex = 0; path = ArkanaDemoUITests.xctest; sourceTree = BUILT_PRODUCTS_DIR; };
		B161E865299F633100DEA33D /* ArkanaDemoUITests.swift */ = {isa = PBXFileReference; lastKnownFileType = sourcecode.swift; path = ArkanaDemoUITests.swift; sourceTree = "<group>"; };
		B161E867299F633100DEA33D /* ArkanaDemoUITestsLaunchTests.swift */ = {isa = PBXFileReference; lastKnownFileType = sourcecode.swift; path = ArkanaDemoUITestsLaunchTests.swift; sourceTree = "<group>"; };
		B161E874299F642100DEA33D /* AppSecrets.swift */ = {isa = PBXFileReference; lastKnownFileType = sourcecode.swift; path = AppSecrets.swift; sourceTree = "<group>"; };
		B1CB92D2299F75E30094DF1E /* Development.xcconfig */ = {isa = PBXFileReference; lastKnownFileType = text.xcconfig; path = Development.xcconfig; sourceTree = "<group>"; };
		B1CB92D3299F75FF0094DF1E /* Production.xcconfig */ = {isa = PBXFileReference; lastKnownFileType = text.xcconfig; path = Production.xcconfig; sourceTree = "<group>"; };
		B1CB92D5299F761E0094DF1E /* Staging.xcconfig */ = {isa = PBXFileReference; lastKnownFileType = text.xcconfig; path = Staging.xcconfig; sourceTree = "<group>"; };
		B1CB92D6299F76290094DF1E /* UAT.xcconfig */ = {isa = PBXFileReference; lastKnownFileType = text.xcconfig; path = UAT.xcconfig; sourceTree = "<group>"; };
		C81D6FBD1041F22E570033A7 /* Pods-ArkanaDemo.development debug.xcconfig */ = {isa = PBXFileReference; includeInIndex = 1; lastKnownFileType = text.xcconfig; name = "Pods-ArkanaDemo.development debug.xcconfig"; path = "Target Support Files/Pods-ArkanaDemo/Pods-ArkanaDemo.development debug.xcconfig"; sourceTree = "<group>"; };
		F8E16F02C223EBDB0007AFB4 /* Pods-ArkanaDemo.staging debug.xcconfig */ = {isa = PBXFileReference; includeInIndex = 1; lastKnownFileType = text.xcconfig; name = "Pods-ArkanaDemo.staging debug.xcconfig"; path = "Target Support Files/Pods-ArkanaDemo/Pods-ArkanaDemo.staging debug.xcconfig"; sourceTree = "<group>"; };
/* End PBXFileReference section */

/* Begin PBXFrameworksBuildPhase section */
		B161E83E299F633000DEA33D /* Frameworks */ = {
			isa = PBXFrameworksBuildPhase;
			buildActionMask = 2147483647;
			files = (
				5A69CDF8ACBC8390B01C80A8 /* Pods_ArkanaDemo.framework in Frameworks */,
			);
			runOnlyForDeploymentPostprocessing = 0;
		};
		B161E854299F633100DEA33D /* Frameworks */ = {
			isa = PBXFrameworksBuildPhase;
			buildActionMask = 2147483647;
			files = (
			);
			runOnlyForDeploymentPostprocessing = 0;
		};
		B161E85E299F633100DEA33D /* Frameworks */ = {
			isa = PBXFrameworksBuildPhase;
			buildActionMask = 2147483647;
			files = (
			);
			runOnlyForDeploymentPostprocessing = 0;
		};
/* End PBXFrameworksBuildPhase section */

/* Begin PBXGroup section */
		600A96072ADE1F72EB5CDC7B /* Frameworks */ = {
			isa = PBXGroup;
			children = (
				3235AC299D8B4D30948C8776 /* Pods_ArkanaDemo.framework */,
			);
			name = Frameworks;
			sourceTree = "<group>";
		};
		6F1C9E4DA3B26F5B5A7934AF /* Pods */ = {
			isa = PBXGroup;
			children = (
				C81D6FBD1041F22E570033A7 /* Pods-ArkanaDemo.development debug.xcconfig */,
				639DF97253E12F784375C6B7 /* Pods-ArkanaDemo.production debug.xcconfig */,
				F8E16F02C223EBDB0007AFB4 /* Pods-ArkanaDemo.staging debug.xcconfig */,
				98CBC698B65B5637FA551396 /* Pods-ArkanaDemo.uat debug.xcconfig */,
				6070EC94C9BDC2644A6655F4 /* Pods-ArkanaDemo.development release.xcconfig */,
				560FCF166F65216A9684048B /* Pods-ArkanaDemo.production release.xcconfig */,
				AA08C7172A344F5C86ACB8AC /* Pods-ArkanaDemo.staging release.xcconfig */,
				698AF883868FC107E506951A /* Pods-ArkanaDemo.uat release.xcconfig */,
			);
			path = Pods;
			sourceTree = "<group>";
		};
		B161E838299F633000DEA33D = {
			isa = PBXGroup;
			children = (
				B161E843299F633000DEA33D /* ArkanaDemo */,
				B161E85A299F633100DEA33D /* ArkanaDemoTests */,
				B161E864299F633100DEA33D /* ArkanaDemoUITests */,
				B161E842299F633000DEA33D /* Products */,
				6F1C9E4DA3B26F5B5A7934AF /* Pods */,
				600A96072ADE1F72EB5CDC7B /* Frameworks */,
			);
			sourceTree = "<group>";
		};
		B161E842299F633000DEA33D /* Products */ = {
			isa = PBXGroup;
			children = (
				B161E841299F633000DEA33D /* ArkanaDemo.app */,
				B161E857299F633100DEA33D /* ArkanaDemoTests.xctest */,
				B161E861299F633100DEA33D /* ArkanaDemoUITests.xctest */,
			);
			name = Products;
			sourceTree = "<group>";
		};
		B161E843299F633000DEA33D /* ArkanaDemo */ = {
			isa = PBXGroup;
			children = (
				B161E844299F633000DEA33D /* AppDelegate.swift */,
				B161E846299F633000DEA33D /* SceneDelegate.swift */,
				B161E848299F633000DEA33D /* ViewController.swift */,
				B161E84A299F633000DEA33D /* Main.storyboard */,
				B161E84D299F633100DEA33D /* Assets.xcassets */,
				B161E84F299F633100DEA33D /* LaunchScreen.storyboard */,
				B161E852299F633100DEA33D /* Info.plist */,
				B161E874299F642100DEA33D /* AppSecrets.swift */,
				B1CB92D1299F75C70094DF1E /* XCConfig */,
			);
			path = ArkanaDemo;
			sourceTree = "<group>";
		};
		B161E85A299F633100DEA33D /* ArkanaDemoTests */ = {
			isa = PBXGroup;
			children = (
				B161E85B299F633100DEA33D /* ArkanaDemoTests.swift */,
			);
			path = ArkanaDemoTests;
			sourceTree = "<group>";
		};
		B161E864299F633100DEA33D /* ArkanaDemoUITests */ = {
			isa = PBXGroup;
			children = (
				B161E865299F633100DEA33D /* ArkanaDemoUITests.swift */,
				B161E867299F633100DEA33D /* ArkanaDemoUITestsLaunchTests.swift */,
			);
			path = ArkanaDemoUITests;
			sourceTree = "<group>";
		};
		B1CB92D1299F75C70094DF1E /* XCConfig */ = {
			isa = PBXGroup;
			children = (
				B1CB92D2299F75E30094DF1E /* Development.xcconfig */,
				B1CB92D3299F75FF0094DF1E /* Production.xcconfig */,
				B1CB92D5299F761E0094DF1E /* Staging.xcconfig */,
				B1CB92D6299F76290094DF1E /* UAT.xcconfig */,
			);
			path = XCConfig;
			sourceTree = "<group>";
		};
/* End PBXGroup section */

/* Begin PBXNativeTarget section */
		B161E840299F633000DEA33D /* ArkanaDemo */ = {
			isa = PBXNativeTarget;
			buildConfigurationList = B161E86B299F633100DEA33D /* Build configuration list for PBXNativeTarget "ArkanaDemo" */;
			buildPhases = (
				CB1CC230D740133BB0136018 /* [CP] Check Pods Manifest.lock */,
				B161E83D299F633000DEA33D /* Sources */,
				B161E83E299F633000DEA33D /* Frameworks */,
				B161E83F299F633000DEA33D /* Resources */,
				79FC58736A8BE3EF8C5261CD /* [CP] Embed Pods Frameworks */,
			);
			buildRules = (
			);
			dependencies = (
			);
			name = ArkanaDemo;
			productName = ArkanaDemo;
			productReference = B161E841299F633000DEA33D /* ArkanaDemo.app */;
			productType = "com.apple.product-type.application";
		};
		B161E856299F633100DEA33D /* ArkanaDemoTests */ = {
			isa = PBXNativeTarget;
			buildConfigurationList = B161E86E299F633100DEA33D /* Build configuration list for PBXNativeTarget "ArkanaDemoTests" */;
			buildPhases = (
				B161E853299F633100DEA33D /* Sources */,
				B161E854299F633100DEA33D /* Frameworks */,
				B161E855299F633100DEA33D /* Resources */,
			);
			buildRules = (
			);
			dependencies = (
				B161E859299F633100DEA33D /* PBXTargetDependency */,
			);
			name = ArkanaDemoTests;
			productName = ArkanaDemoTests;
			productReference = B161E857299F633100DEA33D /* ArkanaDemoTests.xctest */;
			productType = "com.apple.product-type.bundle.unit-test";
		};
		B161E860299F633100DEA33D /* ArkanaDemoUITests */ = {
			isa = PBXNativeTarget;
			buildConfigurationList = B161E871299F633100DEA33D /* Build configuration list for PBXNativeTarget "ArkanaDemoUITests" */;
			buildPhases = (
				B161E85D299F633100DEA33D /* Sources */,
				B161E85E299F633100DEA33D /* Frameworks */,
				B161E85F299F633100DEA33D /* Resources */,
			);
			buildRules = (
			);
			dependencies = (
				B161E863299F633100DEA33D /* PBXTargetDependency */,
			);
			name = ArkanaDemoUITests;
			productName = ArkanaDemoUITests;
			productReference = B161E861299F633100DEA33D /* ArkanaDemoUITests.xctest */;
			productType = "com.apple.product-type.bundle.ui-testing";
		};
/* End PBXNativeTarget section */

/* Begin PBXProject section */
		B161E839299F633000DEA33D /* Project object */ = {
			isa = PBXProject;
			attributes = {
				BuildIndependentTargetsInParallel = 1;
				LastSwiftUpdateCheck = 1420;
				LastUpgradeCheck = 1420;
				TargetAttributes = {
					B161E840299F633000DEA33D = {
						CreatedOnToolsVersion = 14.2;
					};
					B161E856299F633100DEA33D = {
						CreatedOnToolsVersion = 14.2;
						TestTargetID = B161E840299F633000DEA33D;
					};
					B161E860299F633100DEA33D = {
						CreatedOnToolsVersion = 14.2;
						TestTargetID = B161E840299F633000DEA33D;
					};
				};
			};
			buildConfigurationList = B161E83C299F633000DEA33D /* Build configuration list for PBXProject "ArkanaDemo" */;
			compatibilityVersion = "Xcode 14.0";
			developmentRegion = en;
			hasScannedForEncodings = 0;
			knownRegions = (
				en,
				Base,
			);
			mainGroup = B161E838299F633000DEA33D;
			productRefGroup = B161E842299F633000DEA33D /* Products */;
			projectDirPath = "";
			projectRoot = "";
			targets = (
				B161E840299F633000DEA33D /* ArkanaDemo */,
				B161E856299F633100DEA33D /* ArkanaDemoTests */,
				B161E860299F633100DEA33D /* ArkanaDemoUITests */,
			);
		};
/* End PBXProject section */

/* Begin PBXResourcesBuildPhase section */
		B161E83F299F633000DEA33D /* Resources */ = {
			isa = PBXResourcesBuildPhase;
			buildActionMask = 2147483647;
			files = (
				B161E851299F633100DEA33D /* LaunchScreen.storyboard in Resources */,
				B161E84E299F633100DEA33D /* Assets.xcassets in Resources */,
				B161E84C299F633000DEA33D /* Main.storyboard in Resources */,
			);
			runOnlyForDeploymentPostprocessing = 0;
		};
		B161E855299F633100DEA33D /* Resources */ = {
			isa = PBXResourcesBuildPhase;
			buildActionMask = 2147483647;
			files = (
			);
			runOnlyForDeploymentPostprocessing = 0;
		};
		B161E85F299F633100DEA33D /* Resources */ = {
			isa = PBXResourcesBuildPhase;
			buildActionMask = 2147483647;
			files = (
			);
			runOnlyForDeploymentPostprocessing = 0;
		};
/* End PBXResourcesBuildPhase section */

/* Begin PBXShellScriptBuildPhase section */
		79FC58736A8BE3EF8C5261CD /* [CP] Embed Pods Frameworks */ = {
			isa = PBXShellScriptBuildPhase;
			buildActionMask = 2147483647;
			files = (
			);
			inputFileListPaths = (
				"${PODS_ROOT}/Target Support Files/Pods-ArkanaDemo/Pods-ArkanaDemo-frameworks-${CONFIGURATION}-input-files.xcfilelist",
			);
			name = "[CP] Embed Pods Frameworks";
			outputFileListPaths = (
				"${PODS_ROOT}/Target Support Files/Pods-ArkanaDemo/Pods-ArkanaDemo-frameworks-${CONFIGURATION}-output-files.xcfilelist",
			);
			runOnlyForDeploymentPostprocessing = 0;
			shellPath = /bin/sh;
			shellScript = "\"${PODS_ROOT}/Target Support Files/Pods-ArkanaDemo/Pods-ArkanaDemo-frameworks.sh\"\n";
			showEnvVarsInLog = 0;
		};
		CB1CC230D740133BB0136018 /* [CP] Check Pods Manifest.lock */ = {
			isa = PBXShellScriptBuildPhase;
			buildActionMask = 2147483647;
			files = (
			);
			inputFileListPaths = (
			);
			inputPaths = (
				"${PODS_PODFILE_DIR_PATH}/Podfile.lock",
				"${PODS_ROOT}/Manifest.lock",
			);
			name = "[CP] Check Pods Manifest.lock";
			outputFileListPaths = (
			);
			outputPaths = (
				"$(DERIVED_FILE_DIR)/Pods-ArkanaDemo-checkManifestLockResult.txt",
			);
			runOnlyForDeploymentPostprocessing = 0;
			shellPath = /bin/sh;
			shellScript = "diff \"${PODS_PODFILE_DIR_PATH}/Podfile.lock\" \"${PODS_ROOT}/Manifest.lock\" > /dev/null\nif [ $? != 0 ] ; then\n    # print error to STDERR\n    echo \"error: The sandbox is not in sync with the Podfile.lock. Run 'pod install' or update your CocoaPods installation.\" >&2\n    exit 1\nfi\n# This output is used by Xcode 'outputs' to avoid re-running this script phase.\necho \"SUCCESS\" > \"${SCRIPT_OUTPUT_FILE_0}\"\n";
			showEnvVarsInLog = 0;
		};
/* End PBXShellScriptBuildPhase section */

/* Begin PBXSourcesBuildPhase section */
		B161E83D299F633000DEA33D /* Sources */ = {
			isa = PBXSourcesBuildPhase;
			buildActionMask = 2147483647;
			files = (
				B161E849299F633000DEA33D /* ViewController.swift in Sources */,
				B161E875299F642100DEA33D /* AppSecrets.swift in Sources */,
				B161E845299F633000DEA33D /* AppDelegate.swift in Sources */,
				B161E847299F633000DEA33D /* SceneDelegate.swift in Sources */,
			);
			runOnlyForDeploymentPostprocessing = 0;
		};
		B161E853299F633100DEA33D /* Sources */ = {
			isa = PBXSourcesBuildPhase;
			buildActionMask = 2147483647;
			files = (
				B161E85C299F633100DEA33D /* ArkanaDemoTests.swift in Sources */,
			);
			runOnlyForDeploymentPostprocessing = 0;
		};
		B161E85D299F633100DEA33D /* Sources */ = {
			isa = PBXSourcesBuildPhase;
			buildActionMask = 2147483647;
			files = (
				B161E866299F633100DEA33D /* ArkanaDemoUITests.swift in Sources */,
				B161E868299F633100DEA33D /* ArkanaDemoUITestsLaunchTests.swift in Sources */,
			);
			runOnlyForDeploymentPostprocessing = 0;
		};
/* End PBXSourcesBuildPhase section */

/* Begin PBXTargetDependency section */
		B161E859299F633100DEA33D /* PBXTargetDependency */ = {
			isa = PBXTargetDependency;
			target = B161E840299F633000DEA33D /* ArkanaDemo */;
			targetProxy = B161E858299F633100DEA33D /* PBXContainerItemProxy */;
		};
		B161E863299F633100DEA33D /* PBXTargetDependency */ = {
			isa = PBXTargetDependency;
			target = B161E840299F633000DEA33D /* ArkanaDemo */;
			targetProxy = B161E862299F633100DEA33D /* PBXContainerItemProxy */;
		};
/* End PBXTargetDependency section */

/* Begin PBXVariantGroup section */
		B161E84A299F633000DEA33D /* Main.storyboard */ = {
			isa = PBXVariantGroup;
			children = (
				B161E84B299F633000DEA33D /* Base */,
			);
			name = Main.storyboard;
			sourceTree = "<group>";
		};
		B161E84F299F633100DEA33D /* LaunchScreen.storyboard */ = {
			isa = PBXVariantGroup;
			children = (
				B161E850299F633100DEA33D /* Base */,
			);
			name = LaunchScreen.storyboard;
			sourceTree = "<group>";
		};
/* End PBXVariantGroup section */

/* Begin XCBuildConfiguration section */
		B1CB92B1299F73400094DF1E /* Development Debug */ = {
			isa = XCBuildConfiguration;
			baseConfigurationReference = B1CB92D2299F75E30094DF1E /* Development.xcconfig */;
			buildSettings = {
				ALWAYS_SEARCH_USER_PATHS = NO;
				CLANG_ANALYZER_NONNULL = YES;
				CLANG_ANALYZER_NUMBER_OBJECT_CONVERSION = YES_AGGRESSIVE;
				CLANG_CXX_LANGUAGE_STANDARD = "gnu++20";
				CLANG_ENABLE_MODULES = YES;
				CLANG_ENABLE_OBJC_ARC = YES;
				CLANG_ENABLE_OBJC_WEAK = YES;
				CLANG_WARN_BLOCK_CAPTURE_AUTORELEASING = YES;
				CLANG_WARN_BOOL_CONVERSION = YES;
				CLANG_WARN_COMMA = YES;
				CLANG_WARN_CONSTANT_CONVERSION = YES;
				CLANG_WARN_DEPRECATED_OBJC_IMPLEMENTATIONS = YES;
				CLANG_WARN_DIRECT_OBJC_ISA_USAGE = YES_ERROR;
				CLANG_WARN_DOCUMENTATION_COMMENTS = YES;
				CLANG_WARN_EMPTY_BODY = YES;
				CLANG_WARN_ENUM_CONVERSION = YES;
				CLANG_WARN_INFINITE_RECURSION = YES;
				CLANG_WARN_INT_CONVERSION = YES;
				CLANG_WARN_NON_LITERAL_NULL_CONVERSION = YES;
				CLANG_WARN_OBJC_IMPLICIT_RETAIN_SELF = YES;
				CLANG_WARN_OBJC_LITERAL_CONVERSION = YES;
				CLANG_WARN_OBJC_ROOT_CLASS = YES_ERROR;
				CLANG_WARN_QUOTED_INCLUDE_IN_FRAMEWORK_HEADER = YES;
				CLANG_WARN_RANGE_LOOP_ANALYSIS = YES;
				CLANG_WARN_STRICT_PROTOTYPES = YES;
				CLANG_WARN_SUSPICIOUS_MOVE = YES;
				CLANG_WARN_UNGUARDED_AVAILABILITY = YES_AGGRESSIVE;
				CLANG_WARN_UNREACHABLE_CODE = YES;
				CLANG_WARN__DUPLICATE_METHOD_MATCH = YES;
				COPY_PHASE_STRIP = NO;
				DEBUG_INFORMATION_FORMAT = dwarf;
				ENABLE_STRICT_OBJC_MSGSEND = YES;
				ENABLE_TESTABILITY = YES;
				GCC_C_LANGUAGE_STANDARD = gnu11;
				GCC_DYNAMIC_NO_PIC = NO;
				GCC_NO_COMMON_BLOCKS = YES;
				GCC_OPTIMIZATION_LEVEL = 0;
				GCC_PREPROCESSOR_DEFINITIONS = (
					"DEBUG=1",
					"$(inherited)",
				);
				GCC_WARN_64_TO_32_BIT_CONVERSION = YES;
				GCC_WARN_ABOUT_RETURN_TYPE = YES_ERROR;
				GCC_WARN_UNDECLARED_SELECTOR = YES;
				GCC_WARN_UNINITIALIZED_AUTOS = YES_AGGRESSIVE;
				GCC_WARN_UNUSED_FUNCTION = YES;
				GCC_WARN_UNUSED_VARIABLE = YES;
				IPHONEOS_DEPLOYMENT_TARGET = 16.2;
				MTL_ENABLE_DEBUG_INFO = INCLUDE_SOURCE;
				MTL_FAST_MATH = YES;
				ONLY_ACTIVE_ARCH = YES;
				SDKROOT = iphoneos;
				SWIFT_ACTIVE_COMPILATION_CONDITIONS = DEBUG;
				SWIFT_OPTIMIZATION_LEVEL = "-Onone";
			};
			name = "Development Debug";
		};
		B1CB92B2299F73400094DF1E /* Development Debug */ = {
			isa = XCBuildConfiguration;
			baseConfigurationReference = C81D6FBD1041F22E570033A7 /* Pods-ArkanaDemo.development debug.xcconfig */;
			buildSettings = {
				ASSETCATALOG_COMPILER_APPICON_NAME = AppIcon;
				ASSETCATALOG_COMPILER_GLOBAL_ACCENT_COLOR_NAME = AccentColor;
				CODE_SIGN_STYLE = Automatic;
				CURRENT_PROJECT_VERSION = 1;
				GENERATE_INFOPLIST_FILE = YES;
				INFOPLIST_FILE = ArkanaDemo/Info.plist;
				INFOPLIST_KEY_UIApplicationSupportsIndirectInputEvents = YES;
				INFOPLIST_KEY_UILaunchStoryboardName = LaunchScreen;
				INFOPLIST_KEY_UIMainStoryboardFile = Main;
				INFOPLIST_KEY_UISupportedInterfaceOrientations_iPad = "UIInterfaceOrientationPortrait UIInterfaceOrientationPortraitUpsideDown UIInterfaceOrientationLandscapeLeft UIInterfaceOrientationLandscapeRight";
				INFOPLIST_KEY_UISupportedInterfaceOrientations_iPhone = "UIInterfaceOrientationPortrait UIInterfaceOrientationLandscapeLeft UIInterfaceOrientationLandscapeRight";
				LD_RUNPATH_SEARCH_PATHS = (
					"$(inherited)",
					"@executable_path/Frameworks",
				);
				MARKETING_VERSION = 1.0;
				OTHER_SWIFT_FLAGS = "$(inherited) -D COCOAPODS -D Development";
				PRODUCT_BUNDLE_IDENTIFIER = com.simformsolutions.arkana.demo.ArkanaDemo;
				PRODUCT_NAME = "$(TARGET_NAME)";
				SWIFT_EMIT_LOC_STRINGS = YES;
				SWIFT_VERSION = 5.0;
				TARGETED_DEVICE_FAMILY = "1,2";
			};
			name = "Development Debug";
		};
		B1CB92B3299F73400094DF1E /* Development Debug */ = {
			isa = XCBuildConfiguration;
			buildSettings = {
				ALWAYS_EMBED_SWIFT_STANDARD_LIBRARIES = YES;
				BUNDLE_LOADER = "$(TEST_HOST)";
				CODE_SIGN_STYLE = Automatic;
				CURRENT_PROJECT_VERSION = 1;
				GENERATE_INFOPLIST_FILE = YES;
				IPHONEOS_DEPLOYMENT_TARGET = 16.2;
				MARKETING_VERSION = 1.0;
				PRODUCT_BUNDLE_IDENTIFIER = com.simformsolutions.arkana.demo.ArkanaDemoTests;
				PRODUCT_NAME = "$(TARGET_NAME)";
				SWIFT_EMIT_LOC_STRINGS = NO;
				SWIFT_VERSION = 5.0;
				TARGETED_DEVICE_FAMILY = "1,2";
				TEST_HOST = "$(BUILT_PRODUCTS_DIR)/ArkanaDemo.app/$(BUNDLE_EXECUTABLE_FOLDER_PATH)/ArkanaDemo";
			};
			name = "Development Debug";
		};
		B1CB92B4299F73400094DF1E /* Development Debug */ = {
			isa = XCBuildConfiguration;
			buildSettings = {
				ALWAYS_EMBED_SWIFT_STANDARD_LIBRARIES = YES;
				CODE_SIGN_STYLE = Automatic;
				CURRENT_PROJECT_VERSION = 1;
				GENERATE_INFOPLIST_FILE = YES;
				MARKETING_VERSION = 1.0;
				PRODUCT_BUNDLE_IDENTIFIER = com.simformsolutions.arkana.demo.ArkanaDemoUITests;
				PRODUCT_NAME = "$(TARGET_NAME)";
				SWIFT_EMIT_LOC_STRINGS = NO;
				SWIFT_VERSION = 5.0;
				TARGETED_DEVICE_FAMILY = "1,2";
				TEST_TARGET_NAME = ArkanaDemo;
			};
			name = "Development Debug";
		};
		B1CB92B5299F734C0094DF1E /* Production Debug */ = {
			isa = XCBuildConfiguration;
			baseConfigurationReference = B1CB92D3299F75FF0094DF1E /* Production.xcconfig */;
			buildSettings = {
				ALWAYS_SEARCH_USER_PATHS = NO;
				CLANG_ANALYZER_NONNULL = YES;
				CLANG_ANALYZER_NUMBER_OBJECT_CONVERSION = YES_AGGRESSIVE;
				CLANG_CXX_LANGUAGE_STANDARD = "gnu++20";
				CLANG_ENABLE_MODULES = YES;
				CLANG_ENABLE_OBJC_ARC = YES;
				CLANG_ENABLE_OBJC_WEAK = YES;
				CLANG_WARN_BLOCK_CAPTURE_AUTORELEASING = YES;
				CLANG_WARN_BOOL_CONVERSION = YES;
				CLANG_WARN_COMMA = YES;
				CLANG_WARN_CONSTANT_CONVERSION = YES;
				CLANG_WARN_DEPRECATED_OBJC_IMPLEMENTATIONS = YES;
				CLANG_WARN_DIRECT_OBJC_ISA_USAGE = YES_ERROR;
				CLANG_WARN_DOCUMENTATION_COMMENTS = YES;
				CLANG_WARN_EMPTY_BODY = YES;
				CLANG_WARN_ENUM_CONVERSION = YES;
				CLANG_WARN_INFINITE_RECURSION = YES;
				CLANG_WARN_INT_CONVERSION = YES;
				CLANG_WARN_NON_LITERAL_NULL_CONVERSION = YES;
				CLANG_WARN_OBJC_IMPLICIT_RETAIN_SELF = YES;
				CLANG_WARN_OBJC_LITERAL_CONVERSION = YES;
				CLANG_WARN_OBJC_ROOT_CLASS = YES_ERROR;
				CLANG_WARN_QUOTED_INCLUDE_IN_FRAMEWORK_HEADER = YES;
				CLANG_WARN_RANGE_LOOP_ANALYSIS = YES;
				CLANG_WARN_STRICT_PROTOTYPES = YES;
				CLANG_WARN_SUSPICIOUS_MOVE = YES;
				CLANG_WARN_UNGUARDED_AVAILABILITY = YES_AGGRESSIVE;
				CLANG_WARN_UNREACHABLE_CODE = YES;
				CLANG_WARN__DUPLICATE_METHOD_MATCH = YES;
				COPY_PHASE_STRIP = NO;
				DEBUG_INFORMATION_FORMAT = dwarf;
				ENABLE_STRICT_OBJC_MSGSEND = YES;
				ENABLE_TESTABILITY = YES;
				GCC_C_LANGUAGE_STANDARD = gnu11;
				GCC_DYNAMIC_NO_PIC = NO;
				GCC_NO_COMMON_BLOCKS = YES;
				GCC_OPTIMIZATION_LEVEL = 0;
				GCC_PREPROCESSOR_DEFINITIONS = (
					"DEBUG=1",
					"$(inherited)",
				);
				GCC_WARN_64_TO_32_BIT_CONVERSION = YES;
				GCC_WARN_ABOUT_RETURN_TYPE = YES_ERROR;
				GCC_WARN_UNDECLARED_SELECTOR = YES;
				GCC_WARN_UNINITIALIZED_AUTOS = YES_AGGRESSIVE;
				GCC_WARN_UNUSED_FUNCTION = YES;
				GCC_WARN_UNUSED_VARIABLE = YES;
				IPHONEOS_DEPLOYMENT_TARGET = 16.2;
				MTL_ENABLE_DEBUG_INFO = INCLUDE_SOURCE;
				MTL_FAST_MATH = YES;
				ONLY_ACTIVE_ARCH = YES;
				SDKROOT = iphoneos;
				SWIFT_ACTIVE_COMPILATION_CONDITIONS = DEBUG;
				SWIFT_OPTIMIZATION_LEVEL = "-Onone";
			};
			name = "Production Debug";
		};
		B1CB92B6299F734C0094DF1E /* Production Debug */ = {
			isa = XCBuildConfiguration;
			baseConfigurationReference = 639DF97253E12F784375C6B7 /* Pods-ArkanaDemo.production debug.xcconfig */;
			buildSettings = {
				ASSETCATALOG_COMPILER_APPICON_NAME = AppIcon;
				ASSETCATALOG_COMPILER_GLOBAL_ACCENT_COLOR_NAME = AccentColor;
				CODE_SIGN_STYLE = Automatic;
				CURRENT_PROJECT_VERSION = 1;
				GENERATE_INFOPLIST_FILE = YES;
				INFOPLIST_FILE = ArkanaDemo/Info.plist;
				INFOPLIST_KEY_UIApplicationSupportsIndirectInputEvents = YES;
				INFOPLIST_KEY_UILaunchStoryboardName = LaunchScreen;
				INFOPLIST_KEY_UIMainStoryboardFile = Main;
				INFOPLIST_KEY_UISupportedInterfaceOrientations_iPad = "UIInterfaceOrientationPortrait UIInterfaceOrientationPortraitUpsideDown UIInterfaceOrientationLandscapeLeft UIInterfaceOrientationLandscapeRight";
				INFOPLIST_KEY_UISupportedInterfaceOrientations_iPhone = "UIInterfaceOrientationPortrait UIInterfaceOrientationLandscapeLeft UIInterfaceOrientationLandscapeRight";
				LD_RUNPATH_SEARCH_PATHS = (
					"$(inherited)",
					"@executable_path/Frameworks",
				);
				MARKETING_VERSION = 1.0;
				OTHER_SWIFT_FLAGS = "$(inherited) -D COCOAPODS -D Production";
				PRODUCT_BUNDLE_IDENTIFIER = com.simformsolutions.arkana.demo.ArkanaDemo;
				PRODUCT_NAME = "$(TARGET_NAME)";
				SWIFT_EMIT_LOC_STRINGS = YES;
				SWIFT_VERSION = 5.0;
				TARGETED_DEVICE_FAMILY = "1,2";
			};
			name = "Production Debug";
		};
		B1CB92B7299F734C0094DF1E /* Production Debug */ = {
			isa = XCBuildConfiguration;
			buildSettings = {
				ALWAYS_EMBED_SWIFT_STANDARD_LIBRARIES = YES;
				BUNDLE_LOADER = "$(TEST_HOST)";
				CODE_SIGN_STYLE = Automatic;
				CURRENT_PROJECT_VERSION = 1;
				GENERATE_INFOPLIST_FILE = YES;
				IPHONEOS_DEPLOYMENT_TARGET = 16.2;
				MARKETING_VERSION = 1.0;
				PRODUCT_BUNDLE_IDENTIFIER = com.simformsolutions.arkana.demo.ArkanaDemoTests;
				PRODUCT_NAME = "$(TARGET_NAME)";
				SWIFT_EMIT_LOC_STRINGS = NO;
				SWIFT_VERSION = 5.0;
				TARGETED_DEVICE_FAMILY = "1,2";
				TEST_HOST = "$(BUILT_PRODUCTS_DIR)/ArkanaDemo.app/$(BUNDLE_EXECUTABLE_FOLDER_PATH)/ArkanaDemo";
			};
			name = "Production Debug";
		};
		B1CB92B8299F734C0094DF1E /* Production Debug */ = {
			isa = XCBuildConfiguration;
			buildSettings = {
				ALWAYS_EMBED_SWIFT_STANDARD_LIBRARIES = YES;
				CODE_SIGN_STYLE = Automatic;
				CURRENT_PROJECT_VERSION = 1;
				GENERATE_INFOPLIST_FILE = YES;
				MARKETING_VERSION = 1.0;
				PRODUCT_BUNDLE_IDENTIFIER = com.simformsolutions.arkana.demo.ArkanaDemoUITests;
				PRODUCT_NAME = "$(TARGET_NAME)";
				SWIFT_EMIT_LOC_STRINGS = NO;
				SWIFT_VERSION = 5.0;
				TARGETED_DEVICE_FAMILY = "1,2";
				TEST_TARGET_NAME = ArkanaDemo;
			};
			name = "Production Debug";
		};
		B1CB92B9299F73550094DF1E /* Staging Debug */ = {
			isa = XCBuildConfiguration;
			baseConfigurationReference = B1CB92D5299F761E0094DF1E /* Staging.xcconfig */;
			buildSettings = {
				ALWAYS_SEARCH_USER_PATHS = NO;
				CLANG_ANALYZER_NONNULL = YES;
				CLANG_ANALYZER_NUMBER_OBJECT_CONVERSION = YES_AGGRESSIVE;
				CLANG_CXX_LANGUAGE_STANDARD = "gnu++20";
				CLANG_ENABLE_MODULES = YES;
				CLANG_ENABLE_OBJC_ARC = YES;
				CLANG_ENABLE_OBJC_WEAK = YES;
				CLANG_WARN_BLOCK_CAPTURE_AUTORELEASING = YES;
				CLANG_WARN_BOOL_CONVERSION = YES;
				CLANG_WARN_COMMA = YES;
				CLANG_WARN_CONSTANT_CONVERSION = YES;
				CLANG_WARN_DEPRECATED_OBJC_IMPLEMENTATIONS = YES;
				CLANG_WARN_DIRECT_OBJC_ISA_USAGE = YES_ERROR;
				CLANG_WARN_DOCUMENTATION_COMMENTS = YES;
				CLANG_WARN_EMPTY_BODY = YES;
				CLANG_WARN_ENUM_CONVERSION = YES;
				CLANG_WARN_INFINITE_RECURSION = YES;
				CLANG_WARN_INT_CONVERSION = YES;
				CLANG_WARN_NON_LITERAL_NULL_CONVERSION = YES;
				CLANG_WARN_OBJC_IMPLICIT_RETAIN_SELF = YES;
				CLANG_WARN_OBJC_LITERAL_CONVERSION = YES;
				CLANG_WARN_OBJC_ROOT_CLASS = YES_ERROR;
				CLANG_WARN_QUOTED_INCLUDE_IN_FRAMEWORK_HEADER = YES;
				CLANG_WARN_RANGE_LOOP_ANALYSIS = YES;
				CLANG_WARN_STRICT_PROTOTYPES = YES;
				CLANG_WARN_SUSPICIOUS_MOVE = YES;
				CLANG_WARN_UNGUARDED_AVAILABILITY = YES_AGGRESSIVE;
				CLANG_WARN_UNREACHABLE_CODE = YES;
				CLANG_WARN__DUPLICATE_METHOD_MATCH = YES;
				COPY_PHASE_STRIP = NO;
				DEBUG_INFORMATION_FORMAT = dwarf;
				ENABLE_STRICT_OBJC_MSGSEND = YES;
				ENABLE_TESTABILITY = YES;
				GCC_C_LANGUAGE_STANDARD = gnu11;
				GCC_DYNAMIC_NO_PIC = NO;
				GCC_NO_COMMON_BLOCKS = YES;
				GCC_OPTIMIZATION_LEVEL = 0;
				GCC_PREPROCESSOR_DEFINITIONS = (
					"DEBUG=1",
					"$(inherited)",
				);
				GCC_WARN_64_TO_32_BIT_CONVERSION = YES;
				GCC_WARN_ABOUT_RETURN_TYPE = YES_ERROR;
				GCC_WARN_UNDECLARED_SELECTOR = YES;
				GCC_WARN_UNINITIALIZED_AUTOS = YES_AGGRESSIVE;
				GCC_WARN_UNUSED_FUNCTION = YES;
				GCC_WARN_UNUSED_VARIABLE = YES;
				IPHONEOS_DEPLOYMENT_TARGET = 16.2;
				MTL_ENABLE_DEBUG_INFO = INCLUDE_SOURCE;
				MTL_FAST_MATH = YES;
				ONLY_ACTIVE_ARCH = YES;
				SDKROOT = iphoneos;
				SWIFT_ACTIVE_COMPILATION_CONDITIONS = DEBUG;
				SWIFT_OPTIMIZATION_LEVEL = "-Onone";
			};
			name = "Staging Debug";
		};
		B1CB92BA299F73550094DF1E /* Staging Debug */ = {
			isa = XCBuildConfiguration;
			baseConfigurationReference = F8E16F02C223EBDB0007AFB4 /* Pods-ArkanaDemo.staging debug.xcconfig */;
			buildSettings = {
				ASSETCATALOG_COMPILER_APPICON_NAME = AppIcon;
				ASSETCATALOG_COMPILER_GLOBAL_ACCENT_COLOR_NAME = AccentColor;
				CODE_SIGN_STYLE = Automatic;
				CURRENT_PROJECT_VERSION = 1;
				GENERATE_INFOPLIST_FILE = YES;
				INFOPLIST_FILE = ArkanaDemo/Info.plist;
				INFOPLIST_KEY_UIApplicationSupportsIndirectInputEvents = YES;
				INFOPLIST_KEY_UILaunchStoryboardName = LaunchScreen;
				INFOPLIST_KEY_UIMainStoryboardFile = Main;
				INFOPLIST_KEY_UISupportedInterfaceOrientations_iPad = "UIInterfaceOrientationPortrait UIInterfaceOrientationPortraitUpsideDown UIInterfaceOrientationLandscapeLeft UIInterfaceOrientationLandscapeRight";
				INFOPLIST_KEY_UISupportedInterfaceOrientations_iPhone = "UIInterfaceOrientationPortrait UIInterfaceOrientationLandscapeLeft UIInterfaceOrientationLandscapeRight";
				LD_RUNPATH_SEARCH_PATHS = (
					"$(inherited)",
					"@executable_path/Frameworks",
				);
				MARKETING_VERSION = 1.0;
				OTHER_SWIFT_FLAGS = "$(inherited) -D COCOAPODS -D Staging";
				PRODUCT_BUNDLE_IDENTIFIER = com.simformsolutions.arkana.demo.ArkanaDemo;
				PRODUCT_NAME = "$(TARGET_NAME)";
				SWIFT_EMIT_LOC_STRINGS = YES;
				SWIFT_VERSION = 5.0;
				TARGETED_DEVICE_FAMILY = "1,2";
			};
			name = "Staging Debug";
		};
		B1CB92BB299F73550094DF1E /* Staging Debug */ = {
			isa = XCBuildConfiguration;
			buildSettings = {
				ALWAYS_EMBED_SWIFT_STANDARD_LIBRARIES = YES;
				BUNDLE_LOADER = "$(TEST_HOST)";
				CODE_SIGN_STYLE = Automatic;
				CURRENT_PROJECT_VERSION = 1;
				GENERATE_INFOPLIST_FILE = YES;
				IPHONEOS_DEPLOYMENT_TARGET = 16.2;
				MARKETING_VERSION = 1.0;
				PRODUCT_BUNDLE_IDENTIFIER = com.simformsolutions.arkana.demo.ArkanaDemoTests;
				PRODUCT_NAME = "$(TARGET_NAME)";
				SWIFT_EMIT_LOC_STRINGS = NO;
				SWIFT_VERSION = 5.0;
				TARGETED_DEVICE_FAMILY = "1,2";
				TEST_HOST = "$(BUILT_PRODUCTS_DIR)/ArkanaDemo.app/$(BUNDLE_EXECUTABLE_FOLDER_PATH)/ArkanaDemo";
			};
			name = "Staging Debug";
		};
		B1CB92BC299F73550094DF1E /* Staging Debug */ = {
			isa = XCBuildConfiguration;
			buildSettings = {
				ALWAYS_EMBED_SWIFT_STANDARD_LIBRARIES = YES;
				CODE_SIGN_STYLE = Automatic;
				CURRENT_PROJECT_VERSION = 1;
				GENERATE_INFOPLIST_FILE = YES;
				MARKETING_VERSION = 1.0;
				PRODUCT_BUNDLE_IDENTIFIER = com.simformsolutions.arkana.demo.ArkanaDemoUITests;
				PRODUCT_NAME = "$(TARGET_NAME)";
				SWIFT_EMIT_LOC_STRINGS = NO;
				SWIFT_VERSION = 5.0;
				TARGETED_DEVICE_FAMILY = "1,2";
				TEST_TARGET_NAME = ArkanaDemo;
			};
			name = "Staging Debug";
		};
		B1CB92BD299F73620094DF1E /* UAT Debug */ = {
			isa = XCBuildConfiguration;
			baseConfigurationReference = B1CB92D6299F76290094DF1E /* UAT.xcconfig */;
			buildSettings = {
				ALWAYS_SEARCH_USER_PATHS = NO;
				CLANG_ANALYZER_NONNULL = YES;
				CLANG_ANALYZER_NUMBER_OBJECT_CONVERSION = YES_AGGRESSIVE;
				CLANG_CXX_LANGUAGE_STANDARD = "gnu++20";
				CLANG_ENABLE_MODULES = YES;
				CLANG_ENABLE_OBJC_ARC = YES;
				CLANG_ENABLE_OBJC_WEAK = YES;
				CLANG_WARN_BLOCK_CAPTURE_AUTORELEASING = YES;
				CLANG_WARN_BOOL_CONVERSION = YES;
				CLANG_WARN_COMMA = YES;
				CLANG_WARN_CONSTANT_CONVERSION = YES;
				CLANG_WARN_DEPRECATED_OBJC_IMPLEMENTATIONS = YES;
				CLANG_WARN_DIRECT_OBJC_ISA_USAGE = YES_ERROR;
				CLANG_WARN_DOCUMENTATION_COMMENTS = YES;
				CLANG_WARN_EMPTY_BODY = YES;
				CLANG_WARN_ENUM_CONVERSION = YES;
				CLANG_WARN_INFINITE_RECURSION = YES;
				CLANG_WARN_INT_CONVERSION = YES;
				CLANG_WARN_NON_LITERAL_NULL_CONVERSION = YES;
				CLANG_WARN_OBJC_IMPLICIT_RETAIN_SELF = YES;
				CLANG_WARN_OBJC_LITERAL_CONVERSION = YES;
				CLANG_WARN_OBJC_ROOT_CLASS = YES_ERROR;
				CLANG_WARN_QUOTED_INCLUDE_IN_FRAMEWORK_HEADER = YES;
				CLANG_WARN_RANGE_LOOP_ANALYSIS = YES;
				CLANG_WARN_STRICT_PROTOTYPES = YES;
				CLANG_WARN_SUSPICIOUS_MOVE = YES;
				CLANG_WARN_UNGUARDED_AVAILABILITY = YES_AGGRESSIVE;
				CLANG_WARN_UNREACHABLE_CODE = YES;
				CLANG_WARN__DUPLICATE_METHOD_MATCH = YES;
				COPY_PHASE_STRIP = NO;
				DEBUG_INFORMATION_FORMAT = dwarf;
				ENABLE_STRICT_OBJC_MSGSEND = YES;
				ENABLE_TESTABILITY = YES;
				GCC_C_LANGUAGE_STANDARD = gnu11;
				GCC_DYNAMIC_NO_PIC = NO;
				GCC_NO_COMMON_BLOCKS = YES;
				GCC_OPTIMIZATION_LEVEL = 0;
				GCC_PREPROCESSOR_DEFINITIONS = (
					"DEBUG=1",
					"$(inherited)",
				);
				GCC_WARN_64_TO_32_BIT_CONVERSION = YES;
				GCC_WARN_ABOUT_RETURN_TYPE = YES_ERROR;
				GCC_WARN_UNDECLARED_SELECTOR = YES;
				GCC_WARN_UNINITIALIZED_AUTOS = YES_AGGRESSIVE;
				GCC_WARN_UNUSED_FUNCTION = YES;
				GCC_WARN_UNUSED_VARIABLE = YES;
				IPHONEOS_DEPLOYMENT_TARGET = 16.2;
				MTL_ENABLE_DEBUG_INFO = INCLUDE_SOURCE;
				MTL_FAST_MATH = YES;
				ONLY_ACTIVE_ARCH = YES;
				SDKROOT = iphoneos;
				SWIFT_ACTIVE_COMPILATION_CONDITIONS = DEBUG;
				SWIFT_OPTIMIZATION_LEVEL = "-Onone";
			};
			name = "UAT Debug";
		};
		B1CB92BE299F73620094DF1E /* UAT Debug */ = {
			isa = XCBuildConfiguration;
			baseConfigurationReference = 98CBC698B65B5637FA551396 /* Pods-ArkanaDemo.uat debug.xcconfig */;
			buildSettings = {
				ASSETCATALOG_COMPILER_APPICON_NAME = AppIcon;
				ASSETCATALOG_COMPILER_GLOBAL_ACCENT_COLOR_NAME = AccentColor;
				CODE_SIGN_STYLE = Automatic;
				CURRENT_PROJECT_VERSION = 1;
				GENERATE_INFOPLIST_FILE = YES;
				INFOPLIST_FILE = ArkanaDemo/Info.plist;
				INFOPLIST_KEY_UIApplicationSupportsIndirectInputEvents = YES;
				INFOPLIST_KEY_UILaunchStoryboardName = LaunchScreen;
				INFOPLIST_KEY_UIMainStoryboardFile = Main;
				INFOPLIST_KEY_UISupportedInterfaceOrientations_iPad = "UIInterfaceOrientationPortrait UIInterfaceOrientationPortraitUpsideDown UIInterfaceOrientationLandscapeLeft UIInterfaceOrientationLandscapeRight";
				INFOPLIST_KEY_UISupportedInterfaceOrientations_iPhone = "UIInterfaceOrientationPortrait UIInterfaceOrientationLandscapeLeft UIInterfaceOrientationLandscapeRight";
				LD_RUNPATH_SEARCH_PATHS = (
					"$(inherited)",
					"@executable_path/Frameworks",
				);
				MARKETING_VERSION = 1.0;
				OTHER_SWIFT_FLAGS = "$(inherited) -D COCOAPODS -D UAT";
				PRODUCT_BUNDLE_IDENTIFIER = com.simformsolutions.arkana.demo.ArkanaDemo;
				PRODUCT_NAME = "$(TARGET_NAME)";
				SWIFT_EMIT_LOC_STRINGS = YES;
				SWIFT_VERSION = 5.0;
				TARGETED_DEVICE_FAMILY = "1,2";
			};
			name = "UAT Debug";
		};
		B1CB92BF299F73620094DF1E /* UAT Debug */ = {
			isa = XCBuildConfiguration;
			buildSettings = {
				ALWAYS_EMBED_SWIFT_STANDARD_LIBRARIES = YES;
				BUNDLE_LOADER = "$(TEST_HOST)";
				CODE_SIGN_STYLE = Automatic;
				CURRENT_PROJECT_VERSION = 1;
				GENERATE_INFOPLIST_FILE = YES;
				IPHONEOS_DEPLOYMENT_TARGET = 16.2;
				MARKETING_VERSION = 1.0;
				PRODUCT_BUNDLE_IDENTIFIER = com.simformsolutions.arkana.demo.ArkanaDemoTests;
				PRODUCT_NAME = "$(TARGET_NAME)";
				SWIFT_EMIT_LOC_STRINGS = NO;
				SWIFT_VERSION = 5.0;
				TARGETED_DEVICE_FAMILY = "1,2";
				TEST_HOST = "$(BUILT_PRODUCTS_DIR)/ArkanaDemo.app/$(BUNDLE_EXECUTABLE_FOLDER_PATH)/ArkanaDemo";
			};
			name = "UAT Debug";
		};
		B1CB92C0299F73620094DF1E /* UAT Debug */ = {
			isa = XCBuildConfiguration;
			buildSettings = {
				ALWAYS_EMBED_SWIFT_STANDARD_LIBRARIES = YES;
				CODE_SIGN_STYLE = Automatic;
				CURRENT_PROJECT_VERSION = 1;
				GENERATE_INFOPLIST_FILE = YES;
				MARKETING_VERSION = 1.0;
				PRODUCT_BUNDLE_IDENTIFIER = com.simformsolutions.arkana.demo.ArkanaDemoUITests;
				PRODUCT_NAME = "$(TARGET_NAME)";
				SWIFT_EMIT_LOC_STRINGS = NO;
				SWIFT_VERSION = 5.0;
				TARGETED_DEVICE_FAMILY = "1,2";
				TEST_TARGET_NAME = ArkanaDemo;
			};
			name = "UAT Debug";
		};
		B1CB92C1299F736D0094DF1E /* Development Release */ = {
			isa = XCBuildConfiguration;
			baseConfigurationReference = B1CB92D2299F75E30094DF1E /* Development.xcconfig */;
			buildSettings = {
				ALWAYS_SEARCH_USER_PATHS = NO;
				CLANG_ANALYZER_NONNULL = YES;
				CLANG_ANALYZER_NUMBER_OBJECT_CONVERSION = YES_AGGRESSIVE;
				CLANG_CXX_LANGUAGE_STANDARD = "gnu++20";
				CLANG_ENABLE_MODULES = YES;
				CLANG_ENABLE_OBJC_ARC = YES;
				CLANG_ENABLE_OBJC_WEAK = YES;
				CLANG_WARN_BLOCK_CAPTURE_AUTORELEASING = YES;
				CLANG_WARN_BOOL_CONVERSION = YES;
				CLANG_WARN_COMMA = YES;
				CLANG_WARN_CONSTANT_CONVERSION = YES;
				CLANG_WARN_DEPRECATED_OBJC_IMPLEMENTATIONS = YES;
				CLANG_WARN_DIRECT_OBJC_ISA_USAGE = YES_ERROR;
				CLANG_WARN_DOCUMENTATION_COMMENTS = YES;
				CLANG_WARN_EMPTY_BODY = YES;
				CLANG_WARN_ENUM_CONVERSION = YES;
				CLANG_WARN_INFINITE_RECURSION = YES;
				CLANG_WARN_INT_CONVERSION = YES;
				CLANG_WARN_NON_LITERAL_NULL_CONVERSION = YES;
				CLANG_WARN_OBJC_IMPLICIT_RETAIN_SELF = YES;
				CLANG_WARN_OBJC_LITERAL_CONVERSION = YES;
				CLANG_WARN_OBJC_ROOT_CLASS = YES_ERROR;
				CLANG_WARN_QUOTED_INCLUDE_IN_FRAMEWORK_HEADER = YES;
				CLANG_WARN_RANGE_LOOP_ANALYSIS = YES;
				CLANG_WARN_STRICT_PROTOTYPES = YES;
				CLANG_WARN_SUSPICIOUS_MOVE = YES;
				CLANG_WARN_UNGUARDED_AVAILABILITY = YES_AGGRESSIVE;
				CLANG_WARN_UNREACHABLE_CODE = YES;
				CLANG_WARN__DUPLICATE_METHOD_MATCH = YES;
				COPY_PHASE_STRIP = NO;
				DEBUG_INFORMATION_FORMAT = "dwarf-with-dsym";
				ENABLE_NS_ASSERTIONS = NO;
				ENABLE_STRICT_OBJC_MSGSEND = YES;
				GCC_C_LANGUAGE_STANDARD = gnu11;
				GCC_NO_COMMON_BLOCKS = YES;
				GCC_WARN_64_TO_32_BIT_CONVERSION = YES;
				GCC_WARN_ABOUT_RETURN_TYPE = YES_ERROR;
				GCC_WARN_UNDECLARED_SELECTOR = YES;
				GCC_WARN_UNINITIALIZED_AUTOS = YES_AGGRESSIVE;
				GCC_WARN_UNUSED_FUNCTION = YES;
				GCC_WARN_UNUSED_VARIABLE = YES;
				IPHONEOS_DEPLOYMENT_TARGET = 16.2;
				MTL_ENABLE_DEBUG_INFO = NO;
				MTL_FAST_MATH = YES;
				SDKROOT = iphoneos;
				SWIFT_COMPILATION_MODE = wholemodule;
				SWIFT_OPTIMIZATION_LEVEL = "-O";
				VALIDATE_PRODUCT = YES;
			};
			name = "Development Release";
		};
		B1CB92C2299F736D0094DF1E /* Development Release */ = {
			isa = XCBuildConfiguration;
			baseConfigurationReference = 6070EC94C9BDC2644A6655F4 /* Pods-ArkanaDemo.development release.xcconfig */;
			buildSettings = {
				ASSETCATALOG_COMPILER_APPICON_NAME = AppIcon;
				ASSETCATALOG_COMPILER_GLOBAL_ACCENT_COLOR_NAME = AccentColor;
				CODE_SIGN_STYLE = Automatic;
				CURRENT_PROJECT_VERSION = 1;
				GENERATE_INFOPLIST_FILE = YES;
				INFOPLIST_FILE = ArkanaDemo/Info.plist;
				INFOPLIST_KEY_UIApplicationSupportsIndirectInputEvents = YES;
				INFOPLIST_KEY_UILaunchStoryboardName = LaunchScreen;
				INFOPLIST_KEY_UIMainStoryboardFile = Main;
				INFOPLIST_KEY_UISupportedInterfaceOrientations_iPad = "UIInterfaceOrientationPortrait UIInterfaceOrientationPortraitUpsideDown UIInterfaceOrientationLandscapeLeft UIInterfaceOrientationLandscapeRight";
				INFOPLIST_KEY_UISupportedInterfaceOrientations_iPhone = "UIInterfaceOrientationPortrait UIInterfaceOrientationLandscapeLeft UIInterfaceOrientationLandscapeRight";
				LD_RUNPATH_SEARCH_PATHS = (
					"$(inherited)",
					"@executable_path/Frameworks",
				);
				MARKETING_VERSION = 1.0;
				OTHER_SWIFT_FLAGS = "$(inherited) -D COCOAPODS -D Development";
				PRODUCT_BUNDLE_IDENTIFIER = com.simformsolutions.arkana.demo.ArkanaDemo;
				PRODUCT_NAME = "$(TARGET_NAME)";
				SWIFT_EMIT_LOC_STRINGS = YES;
				SWIFT_VERSION = 5.0;
				TARGETED_DEVICE_FAMILY = "1,2";
			};
			name = "Development Release";
		};
		B1CB92C3299F736D0094DF1E /* Development Release */ = {
			isa = XCBuildConfiguration;
			buildSettings = {
				ALWAYS_EMBED_SWIFT_STANDARD_LIBRARIES = YES;
				BUNDLE_LOADER = "$(TEST_HOST)";
				CODE_SIGN_STYLE = Automatic;
				CURRENT_PROJECT_VERSION = 1;
				GENERATE_INFOPLIST_FILE = YES;
				IPHONEOS_DEPLOYMENT_TARGET = 16.2;
				MARKETING_VERSION = 1.0;
				PRODUCT_BUNDLE_IDENTIFIER = com.simformsolutions.arkana.demo.ArkanaDemoTests;
				PRODUCT_NAME = "$(TARGET_NAME)";
				SWIFT_EMIT_LOC_STRINGS = NO;
				SWIFT_VERSION = 5.0;
				TARGETED_DEVICE_FAMILY = "1,2";
				TEST_HOST = "$(BUILT_PRODUCTS_DIR)/ArkanaDemo.app/$(BUNDLE_EXECUTABLE_FOLDER_PATH)/ArkanaDemo";
			};
			name = "Development Release";
		};
		B1CB92C4299F736D0094DF1E /* Development Release */ = {
			isa = XCBuildConfiguration;
			buildSettings = {
				ALWAYS_EMBED_SWIFT_STANDARD_LIBRARIES = YES;
				CODE_SIGN_STYLE = Automatic;
				CURRENT_PROJECT_VERSION = 1;
				GENERATE_INFOPLIST_FILE = YES;
				MARKETING_VERSION = 1.0;
				PRODUCT_BUNDLE_IDENTIFIER = com.simformsolutions.arkana.demo.ArkanaDemoUITests;
				PRODUCT_NAME = "$(TARGET_NAME)";
				SWIFT_EMIT_LOC_STRINGS = NO;
				SWIFT_VERSION = 5.0;
				TARGETED_DEVICE_FAMILY = "1,2";
				TEST_TARGET_NAME = ArkanaDemo;
			};
			name = "Development Release";
		};
		B1CB92C5299F73760094DF1E /* Production Release */ = {
			isa = XCBuildConfiguration;
			baseConfigurationReference = B1CB92D3299F75FF0094DF1E /* Production.xcconfig */;
			buildSettings = {
				ALWAYS_SEARCH_USER_PATHS = NO;
				CLANG_ANALYZER_NONNULL = YES;
				CLANG_ANALYZER_NUMBER_OBJECT_CONVERSION = YES_AGGRESSIVE;
				CLANG_CXX_LANGUAGE_STANDARD = "gnu++20";
				CLANG_ENABLE_MODULES = YES;
				CLANG_ENABLE_OBJC_ARC = YES;
				CLANG_ENABLE_OBJC_WEAK = YES;
				CLANG_WARN_BLOCK_CAPTURE_AUTORELEASING = YES;
				CLANG_WARN_BOOL_CONVERSION = YES;
				CLANG_WARN_COMMA = YES;
				CLANG_WARN_CONSTANT_CONVERSION = YES;
				CLANG_WARN_DEPRECATED_OBJC_IMPLEMENTATIONS = YES;
				CLANG_WARN_DIRECT_OBJC_ISA_USAGE = YES_ERROR;
				CLANG_WARN_DOCUMENTATION_COMMENTS = YES;
				CLANG_WARN_EMPTY_BODY = YES;
				CLANG_WARN_ENUM_CONVERSION = YES;
				CLANG_WARN_INFINITE_RECURSION = YES;
				CLANG_WARN_INT_CONVERSION = YES;
				CLANG_WARN_NON_LITERAL_NULL_CONVERSION = YES;
				CLANG_WARN_OBJC_IMPLICIT_RETAIN_SELF = YES;
				CLANG_WARN_OBJC_LITERAL_CONVERSION = YES;
				CLANG_WARN_OBJC_ROOT_CLASS = YES_ERROR;
				CLANG_WARN_QUOTED_INCLUDE_IN_FRAMEWORK_HEADER = YES;
				CLANG_WARN_RANGE_LOOP_ANALYSIS = YES;
				CLANG_WARN_STRICT_PROTOTYPES = YES;
				CLANG_WARN_SUSPICIOUS_MOVE = YES;
				CLANG_WARN_UNGUARDED_AVAILABILITY = YES_AGGRESSIVE;
				CLANG_WARN_UNREACHABLE_CODE = YES;
				CLANG_WARN__DUPLICATE_METHOD_MATCH = YES;
				COPY_PHASE_STRIP = NO;
				DEBUG_INFORMATION_FORMAT = "dwarf-with-dsym";
				ENABLE_NS_ASSERTIONS = NO;
				ENABLE_STRICT_OBJC_MSGSEND = YES;
				GCC_C_LANGUAGE_STANDARD = gnu11;
				GCC_NO_COMMON_BLOCKS = YES;
				GCC_WARN_64_TO_32_BIT_CONVERSION = YES;
				GCC_WARN_ABOUT_RETURN_TYPE = YES_ERROR;
				GCC_WARN_UNDECLARED_SELECTOR = YES;
				GCC_WARN_UNINITIALIZED_AUTOS = YES_AGGRESSIVE;
				GCC_WARN_UNUSED_FUNCTION = YES;
				GCC_WARN_UNUSED_VARIABLE = YES;
				IPHONEOS_DEPLOYMENT_TARGET = 16.2;
				MTL_ENABLE_DEBUG_INFO = NO;
				MTL_FAST_MATH = YES;
				SDKROOT = iphoneos;
				SWIFT_COMPILATION_MODE = wholemodule;
				SWIFT_OPTIMIZATION_LEVEL = "-O";
				VALIDATE_PRODUCT = YES;
			};
			name = "Production Release";
		};
		B1CB92C6299F73760094DF1E /* Production Release */ = {
			isa = XCBuildConfiguration;
			baseConfigurationReference = 560FCF166F65216A9684048B /* Pods-ArkanaDemo.production release.xcconfig */;
			buildSettings = {
				ASSETCATALOG_COMPILER_APPICON_NAME = AppIcon;
				ASSETCATALOG_COMPILER_GLOBAL_ACCENT_COLOR_NAME = AccentColor;
				CODE_SIGN_STYLE = Automatic;
				CURRENT_PROJECT_VERSION = 1;
				GENERATE_INFOPLIST_FILE = YES;
				INFOPLIST_FILE = ArkanaDemo/Info.plist;
				INFOPLIST_KEY_UIApplicationSupportsIndirectInputEvents = YES;
				INFOPLIST_KEY_UILaunchStoryboardName = LaunchScreen;
				INFOPLIST_KEY_UIMainStoryboardFile = Main;
				INFOPLIST_KEY_UISupportedInterfaceOrientations_iPad = "UIInterfaceOrientationPortrait UIInterfaceOrientationPortraitUpsideDown UIInterfaceOrientationLandscapeLeft UIInterfaceOrientationLandscapeRight";
				INFOPLIST_KEY_UISupportedInterfaceOrientations_iPhone = "UIInterfaceOrientationPortrait UIInterfaceOrientationLandscapeLeft UIInterfaceOrientationLandscapeRight";
				LD_RUNPATH_SEARCH_PATHS = (
					"$(inherited)",
					"@executable_path/Frameworks",
				);
				MARKETING_VERSION = 1.0;
				OTHER_SWIFT_FLAGS = "$(inherited) -D COCOAPODS -D Production";
				PRODUCT_BUNDLE_IDENTIFIER = com.simformsolutions.arkana.demo.ArkanaDemo;
				PRODUCT_NAME = "$(TARGET_NAME)";
				SWIFT_EMIT_LOC_STRINGS = YES;
				SWIFT_VERSION = 5.0;
				TARGETED_DEVICE_FAMILY = "1,2";
			};
			name = "Production Release";
		};
		B1CB92C7299F73760094DF1E /* Production Release */ = {
			isa = XCBuildConfiguration;
			buildSettings = {
				ALWAYS_EMBED_SWIFT_STANDARD_LIBRARIES = YES;
				BUNDLE_LOADER = "$(TEST_HOST)";
				CODE_SIGN_STYLE = Automatic;
				CURRENT_PROJECT_VERSION = 1;
				GENERATE_INFOPLIST_FILE = YES;
				IPHONEOS_DEPLOYMENT_TARGET = 16.2;
				MARKETING_VERSION = 1.0;
				PRODUCT_BUNDLE_IDENTIFIER = com.simformsolutions.arkana.demo.ArkanaDemoTests;
				PRODUCT_NAME = "$(TARGET_NAME)";
				SWIFT_EMIT_LOC_STRINGS = NO;
				SWIFT_VERSION = 5.0;
				TARGETED_DEVICE_FAMILY = "1,2";
				TEST_HOST = "$(BUILT_PRODUCTS_DIR)/ArkanaDemo.app/$(BUNDLE_EXECUTABLE_FOLDER_PATH)/ArkanaDemo";
			};
			name = "Production Release";
		};
		B1CB92C8299F73760094DF1E /* Production Release */ = {
			isa = XCBuildConfiguration;
			buildSettings = {
				ALWAYS_EMBED_SWIFT_STANDARD_LIBRARIES = YES;
				CODE_SIGN_STYLE = Automatic;
				CURRENT_PROJECT_VERSION = 1;
				GENERATE_INFOPLIST_FILE = YES;
				MARKETING_VERSION = 1.0;
				PRODUCT_BUNDLE_IDENTIFIER = com.simformsolutions.arkana.demo.ArkanaDemoUITests;
				PRODUCT_NAME = "$(TARGET_NAME)";
				SWIFT_EMIT_LOC_STRINGS = NO;
				SWIFT_VERSION = 5.0;
				TARGETED_DEVICE_FAMILY = "1,2";
				TEST_TARGET_NAME = ArkanaDemo;
			};
			name = "Production Release";
		};
		B1CB92C9299F73830094DF1E /* Staging Release */ = {
			isa = XCBuildConfiguration;
			baseConfigurationReference = B1CB92D5299F761E0094DF1E /* Staging.xcconfig */;
			buildSettings = {
				ALWAYS_SEARCH_USER_PATHS = NO;
				CLANG_ANALYZER_NONNULL = YES;
				CLANG_ANALYZER_NUMBER_OBJECT_CONVERSION = YES_AGGRESSIVE;
				CLANG_CXX_LANGUAGE_STANDARD = "gnu++20";
				CLANG_ENABLE_MODULES = YES;
				CLANG_ENABLE_OBJC_ARC = YES;
				CLANG_ENABLE_OBJC_WEAK = YES;
				CLANG_WARN_BLOCK_CAPTURE_AUTORELEASING = YES;
				CLANG_WARN_BOOL_CONVERSION = YES;
				CLANG_WARN_COMMA = YES;
				CLANG_WARN_CONSTANT_CONVERSION = YES;
				CLANG_WARN_DEPRECATED_OBJC_IMPLEMENTATIONS = YES;
				CLANG_WARN_DIRECT_OBJC_ISA_USAGE = YES_ERROR;
				CLANG_WARN_DOCUMENTATION_COMMENTS = YES;
				CLANG_WARN_EMPTY_BODY = YES;
				CLANG_WARN_ENUM_CONVERSION = YES;
				CLANG_WARN_INFINITE_RECURSION = YES;
				CLANG_WARN_INT_CONVERSION = YES;
				CLANG_WARN_NON_LITERAL_NULL_CONVERSION = YES;
				CLANG_WARN_OBJC_IMPLICIT_RETAIN_SELF = YES;
				CLANG_WARN_OBJC_LITERAL_CONVERSION = YES;
				CLANG_WARN_OBJC_ROOT_CLASS = YES_ERROR;
				CLANG_WARN_QUOTED_INCLUDE_IN_FRAMEWORK_HEADER = YES;
				CLANG_WARN_RANGE_LOOP_ANALYSIS = YES;
				CLANG_WARN_STRICT_PROTOTYPES = YES;
				CLANG_WARN_SUSPICIOUS_MOVE = YES;
				CLANG_WARN_UNGUARDED_AVAILABILITY = YES_AGGRESSIVE;
				CLANG_WARN_UNREACHABLE_CODE = YES;
				CLANG_WARN__DUPLICATE_METHOD_MATCH = YES;
				COPY_PHASE_STRIP = NO;
				DEBUG_INFORMATION_FORMAT = "dwarf-with-dsym";
				ENABLE_NS_ASSERTIONS = NO;
				ENABLE_STRICT_OBJC_MSGSEND = YES;
				GCC_C_LANGUAGE_STANDARD = gnu11;
				GCC_NO_COMMON_BLOCKS = YES;
				GCC_WARN_64_TO_32_BIT_CONVERSION = YES;
				GCC_WARN_ABOUT_RETURN_TYPE = YES_ERROR;
				GCC_WARN_UNDECLARED_SELECTOR = YES;
				GCC_WARN_UNINITIALIZED_AUTOS = YES_AGGRESSIVE;
				GCC_WARN_UNUSED_FUNCTION = YES;
				GCC_WARN_UNUSED_VARIABLE = YES;
				IPHONEOS_DEPLOYMENT_TARGET = 16.2;
				MTL_ENABLE_DEBUG_INFO = NO;
				MTL_FAST_MATH = YES;
				SDKROOT = iphoneos;
				SWIFT_COMPILATION_MODE = wholemodule;
				SWIFT_OPTIMIZATION_LEVEL = "-O";
				VALIDATE_PRODUCT = YES;
			};
			name = "Staging Release";
		};
		B1CB92CA299F73830094DF1E /* Staging Release */ = {
			isa = XCBuildConfiguration;
			baseConfigurationReference = AA08C7172A344F5C86ACB8AC /* Pods-ArkanaDemo.staging release.xcconfig */;
			buildSettings = {
				ASSETCATALOG_COMPILER_APPICON_NAME = AppIcon;
				ASSETCATALOG_COMPILER_GLOBAL_ACCENT_COLOR_NAME = AccentColor;
				CODE_SIGN_STYLE = Automatic;
				CURRENT_PROJECT_VERSION = 1;
				GENERATE_INFOPLIST_FILE = YES;
				INFOPLIST_FILE = ArkanaDemo/Info.plist;
				INFOPLIST_KEY_UIApplicationSupportsIndirectInputEvents = YES;
				INFOPLIST_KEY_UILaunchStoryboardName = LaunchScreen;
				INFOPLIST_KEY_UIMainStoryboardFile = Main;
				INFOPLIST_KEY_UISupportedInterfaceOrientations_iPad = "UIInterfaceOrientationPortrait UIInterfaceOrientationPortraitUpsideDown UIInterfaceOrientationLandscapeLeft UIInterfaceOrientationLandscapeRight";
				INFOPLIST_KEY_UISupportedInterfaceOrientations_iPhone = "UIInterfaceOrientationPortrait UIInterfaceOrientationLandscapeLeft UIInterfaceOrientationLandscapeRight";
				LD_RUNPATH_SEARCH_PATHS = (
					"$(inherited)",
					"@executable_path/Frameworks",
				);
				MARKETING_VERSION = 1.0;
				OTHER_SWIFT_FLAGS = "$(inherited) -D COCOAPODS -D Staging";
				PRODUCT_BUNDLE_IDENTIFIER = com.simformsolutions.arkana.demo.ArkanaDemo;
				PRODUCT_NAME = "$(TARGET_NAME)";
				SWIFT_EMIT_LOC_STRINGS = YES;
				SWIFT_VERSION = 5.0;
				TARGETED_DEVICE_FAMILY = "1,2";
			};
			name = "Staging Release";
		};
		B1CB92CB299F73830094DF1E /* Staging Release */ = {
			isa = XCBuildConfiguration;
			buildSettings = {
				ALWAYS_EMBED_SWIFT_STANDARD_LIBRARIES = YES;
				BUNDLE_LOADER = "$(TEST_HOST)";
				CODE_SIGN_STYLE = Automatic;
				CURRENT_PROJECT_VERSION = 1;
				GENERATE_INFOPLIST_FILE = YES;
				IPHONEOS_DEPLOYMENT_TARGET = 16.2;
				MARKETING_VERSION = 1.0;
				PRODUCT_BUNDLE_IDENTIFIER = com.simformsolutions.arkana.demo.ArkanaDemoTests;
				PRODUCT_NAME = "$(TARGET_NAME)";
				SWIFT_EMIT_LOC_STRINGS = NO;
				SWIFT_VERSION = 5.0;
				TARGETED_DEVICE_FAMILY = "1,2";
				TEST_HOST = "$(BUILT_PRODUCTS_DIR)/ArkanaDemo.app/$(BUNDLE_EXECUTABLE_FOLDER_PATH)/ArkanaDemo";
			};
			name = "Staging Release";
		};
		B1CB92CC299F73830094DF1E /* Staging Release */ = {
			isa = XCBuildConfiguration;
			buildSettings = {
				ALWAYS_EMBED_SWIFT_STANDARD_LIBRARIES = YES;
				CODE_SIGN_STYLE = Automatic;
				CURRENT_PROJECT_VERSION = 1;
				GENERATE_INFOPLIST_FILE = YES;
				MARKETING_VERSION = 1.0;
				PRODUCT_BUNDLE_IDENTIFIER = com.simformsolutions.arkana.demo.ArkanaDemoUITests;
				PRODUCT_NAME = "$(TARGET_NAME)";
				SWIFT_EMIT_LOC_STRINGS = NO;
				SWIFT_VERSION = 5.0;
				TARGETED_DEVICE_FAMILY = "1,2";
				TEST_TARGET_NAME = ArkanaDemo;
			};
			name = "Staging Release";
		};
		B1CB92CD299F738B0094DF1E /* UAT Release */ = {
			isa = XCBuildConfiguration;
			baseConfigurationReference = B1CB92D6299F76290094DF1E /* UAT.xcconfig */;
			buildSettings = {
				ALWAYS_SEARCH_USER_PATHS = NO;
				CLANG_ANALYZER_NONNULL = YES;
				CLANG_ANALYZER_NUMBER_OBJECT_CONVERSION = YES_AGGRESSIVE;
				CLANG_CXX_LANGUAGE_STANDARD = "gnu++20";
				CLANG_ENABLE_MODULES = YES;
				CLANG_ENABLE_OBJC_ARC = YES;
				CLANG_ENABLE_OBJC_WEAK = YES;
				CLANG_WARN_BLOCK_CAPTURE_AUTORELEASING = YES;
				CLANG_WARN_BOOL_CONVERSION = YES;
				CLANG_WARN_COMMA = YES;
				CLANG_WARN_CONSTANT_CONVERSION = YES;
				CLANG_WARN_DEPRECATED_OBJC_IMPLEMENTATIONS = YES;
				CLANG_WARN_DIRECT_OBJC_ISA_USAGE = YES_ERROR;
				CLANG_WARN_DOCUMENTATION_COMMENTS = YES;
				CLANG_WARN_EMPTY_BODY = YES;
				CLANG_WARN_ENUM_CONVERSION = YES;
				CLANG_WARN_INFINITE_RECURSION = YES;
				CLANG_WARN_INT_CONVERSION = YES;
				CLANG_WARN_NON_LITERAL_NULL_CONVERSION = YES;
				CLANG_WARN_OBJC_IMPLICIT_RETAIN_SELF = YES;
				CLANG_WARN_OBJC_LITERAL_CONVERSION = YES;
				CLANG_WARN_OBJC_ROOT_CLASS = YES_ERROR;
				CLANG_WARN_QUOTED_INCLUDE_IN_FRAMEWORK_HEADER = YES;
				CLANG_WARN_RANGE_LOOP_ANALYSIS = YES;
				CLANG_WARN_STRICT_PROTOTYPES = YES;
				CLANG_WARN_SUSPICIOUS_MOVE = YES;
				CLANG_WARN_UNGUARDED_AVAILABILITY = YES_AGGRESSIVE;
				CLANG_WARN_UNREACHABLE_CODE = YES;
				CLANG_WARN__DUPLICATE_METHOD_MATCH = YES;
				COPY_PHASE_STRIP = NO;
				DEBUG_INFORMATION_FORMAT = "dwarf-with-dsym";
				ENABLE_NS_ASSERTIONS = NO;
				ENABLE_STRICT_OBJC_MSGSEND = YES;
				GCC_C_LANGUAGE_STANDARD = gnu11;
				GCC_NO_COMMON_BLOCKS = YES;
				GCC_WARN_64_TO_32_BIT_CONVERSION = YES;
				GCC_WARN_ABOUT_RETURN_TYPE = YES_ERROR;
				GCC_WARN_UNDECLARED_SELECTOR = YES;
				GCC_WARN_UNINITIALIZED_AUTOS = YES_AGGRESSIVE;
				GCC_WARN_UNUSED_FUNCTION = YES;
				GCC_WARN_UNUSED_VARIABLE = YES;
				IPHONEOS_DEPLOYMENT_TARGET = 16.2;
				MTL_ENABLE_DEBUG_INFO = NO;
				MTL_FAST_MATH = YES;
				SDKROOT = iphoneos;
				SWIFT_COMPILATION_MODE = wholemodule;
				SWIFT_OPTIMIZATION_LEVEL = "-O";
				VALIDATE_PRODUCT = YES;
			};
			name = "UAT Release";
		};
		B1CB92CE299F738B0094DF1E /* UAT Release */ = {
			isa = XCBuildConfiguration;
			baseConfigurationReference = 698AF883868FC107E506951A /* Pods-ArkanaDemo.uat release.xcconfig */;
			buildSettings = {
				ASSETCATALOG_COMPILER_APPICON_NAME = AppIcon;
				ASSETCATALOG_COMPILER_GLOBAL_ACCENT_COLOR_NAME = AccentColor;
				CODE_SIGN_STYLE = Automatic;
				CURRENT_PROJECT_VERSION = 1;
				GENERATE_INFOPLIST_FILE = YES;
				INFOPLIST_FILE = ArkanaDemo/Info.plist;
				INFOPLIST_KEY_UIApplicationSupportsIndirectInputEvents = YES;
				INFOPLIST_KEY_UILaunchStoryboardName = LaunchScreen;
				INFOPLIST_KEY_UIMainStoryboardFile = Main;
				INFOPLIST_KEY_UISupportedInterfaceOrientations_iPad = "UIInterfaceOrientationPortrait UIInterfaceOrientationPortraitUpsideDown UIInterfaceOrientationLandscapeLeft UIInterfaceOrientationLandscapeRight";
				INFOPLIST_KEY_UISupportedInterfaceOrientations_iPhone = "UIInterfaceOrientationPortrait UIInterfaceOrientationLandscapeLeft UIInterfaceOrientationLandscapeRight";
				LD_RUNPATH_SEARCH_PATHS = (
					"$(inherited)",
					"@executable_path/Frameworks",
				);
				MARKETING_VERSION = 1.0;
				OTHER_SWIFT_FLAGS = "$(inherited) -D COCOAPODS -D UAT";
				PRODUCT_BUNDLE_IDENTIFIER = com.simformsolutions.arkana.demo.ArkanaDemo;
				PRODUCT_NAME = "$(TARGET_NAME)";
				SWIFT_EMIT_LOC_STRINGS = YES;
				SWIFT_VERSION = 5.0;
				TARGETED_DEVICE_FAMILY = "1,2";
			};
			name = "UAT Release";
		};
		B1CB92CF299F738B0094DF1E /* UAT Release */ = {
			isa = XCBuildConfiguration;
			buildSettings = {
				ALWAYS_EMBED_SWIFT_STANDARD_LIBRARIES = YES;
				BUNDLE_LOADER = "$(TEST_HOST)";
				CODE_SIGN_STYLE = Automatic;
				CURRENT_PROJECT_VERSION = 1;
				GENERATE_INFOPLIST_FILE = YES;
				IPHONEOS_DEPLOYMENT_TARGET = 16.2;
				MARKETING_VERSION = 1.0;
				PRODUCT_BUNDLE_IDENTIFIER = com.simformsolutions.arkana.demo.ArkanaDemoTests;
				PRODUCT_NAME = "$(TARGET_NAME)";
				SWIFT_EMIT_LOC_STRINGS = NO;
				SWIFT_VERSION = 5.0;
				TARGETED_DEVICE_FAMILY = "1,2";
				TEST_HOST = "$(BUILT_PRODUCTS_DIR)/ArkanaDemo.app/$(BUNDLE_EXECUTABLE_FOLDER_PATH)/ArkanaDemo";
			};
			name = "UAT Release";
		};
		B1CB92D0299F738B0094DF1E /* UAT Release */ = {
			isa = XCBuildConfiguration;
			buildSettings = {
				ALWAYS_EMBED_SWIFT_STANDARD_LIBRARIES = YES;
				CODE_SIGN_STYLE = Automatic;
				CURRENT_PROJECT_VERSION = 1;
				GENERATE_INFOPLIST_FILE = YES;
				MARKETING_VERSION = 1.0;
				PRODUCT_BUNDLE_IDENTIFIER = com.simformsolutions.arkana.demo.ArkanaDemoUITests;
				PRODUCT_NAME = "$(TARGET_NAME)";
				SWIFT_EMIT_LOC_STRINGS = NO;
				SWIFT_VERSION = 5.0;
				TARGETED_DEVICE_FAMILY = "1,2";
				TEST_TARGET_NAME = ArkanaDemo;
			};
			name = "UAT Release";
		};
/* End XCBuildConfiguration section */

/* Begin XCConfigurationList section */
		B161E83C299F633000DEA33D /* Build configuration list for PBXProject "ArkanaDemo" */ = {
			isa = XCConfigurationList;
			buildConfigurations = (
				B1CB92B1299F73400094DF1E /* Development Debug */,
				B1CB92B5299F734C0094DF1E /* Production Debug */,
				B1CB92B9299F73550094DF1E /* Staging Debug */,
				B1CB92BD299F73620094DF1E /* UAT Debug */,
				B1CB92C1299F736D0094DF1E /* Development Release */,
				B1CB92C5299F73760094DF1E /* Production Release */,
				B1CB92C9299F73830094DF1E /* Staging Release */,
				B1CB92CD299F738B0094DF1E /* UAT Release */,
			);
			defaultConfigurationIsVisible = 0;
			defaultConfigurationName = "Development Debug";
		};
		B161E86B299F633100DEA33D /* Build configuration list for PBXNativeTarget "ArkanaDemo" */ = {
			isa = XCConfigurationList;
			buildConfigurations = (
				B1CB92B2299F73400094DF1E /* Development Debug */,
				B1CB92B6299F734C0094DF1E /* Production Debug */,
				B1CB92BA299F73550094DF1E /* Staging Debug */,
				B1CB92BE299F73620094DF1E /* UAT Debug */,
				B1CB92C2299F736D0094DF1E /* Development Release */,
				B1CB92C6299F73760094DF1E /* Production Release */,
				B1CB92CA299F73830094DF1E /* Staging Release */,
				B1CB92CE299F738B0094DF1E /* UAT Release */,
			);
			defaultConfigurationIsVisible = 0;
			defaultConfigurationName = "Development Debug";
		};
		B161E86E299F633100DEA33D /* Build configuration list for PBXNativeTarget "ArkanaDemoTests" */ = {
			isa = XCConfigurationList;
			buildConfigurations = (
				B1CB92B3299F73400094DF1E /* Development Debug */,
				B1CB92B7299F734C0094DF1E /* Production Debug */,
				B1CB92BB299F73550094DF1E /* Staging Debug */,
				B1CB92BF299F73620094DF1E /* UAT Debug */,
				B1CB92C3299F736D0094DF1E /* Development Release */,
				B1CB92C7299F73760094DF1E /* Production Release */,
				B1CB92CB299F73830094DF1E /* Staging Release */,
				B1CB92CF299F738B0094DF1E /* UAT Release */,
			);
			defaultConfigurationIsVisible = 0;
			defaultConfigurationName = "Development Debug";
		};
		B161E871299F633100DEA33D /* Build configuration list for PBXNativeTarget "ArkanaDemoUITests" */ = {
			isa = XCConfigurationList;
			buildConfigurations = (
				B1CB92B4299F73400094DF1E /* Development Debug */,
				B1CB92B8299F734C0094DF1E /* Production Debug */,
				B1CB92BC299F73550094DF1E /* Staging Debug */,
				B1CB92C0299F73620094DF1E /* UAT Debug */,
				B1CB92C4299F736D0094DF1E /* Development Release */,
				B1CB92C8299F73760094DF1E /* Production Release */,
				B1CB92CC299F73830094DF1E /* Staging Release */,
				B1CB92D0299F738B0094DF1E /* UAT Release */,
			);
			defaultConfigurationIsVisible = 0;
			defaultConfigurationName = "Development Debug";
		};
/* End XCConfigurationList section */
	};
	rootObject = B161E839299F633000DEA33D /* Project object */;
}
